
Microsoft Visual Studio Solution File, Format Version 12.00
# Visual Studio Version 16
VisualStudioVersion = 16.0.30907.101
MinimumVisualStudioVersion = 10.0.40219.1
Project("{9A19103F-16F7-4668-BE54-9A1E7A4F7556}") = "VariablesAndConditions", "VariablesAndConditions\VariablesAndConditions.csproj", "{CAEEC81E-7C3E-4D1E-A92C-6E594C48AD81}"
EndProject
Project("{9A19103F-16F7-4668-BE54-9A1E7A4F7556}") = "Loops", "Loops\Loops.csproj", "{AC0A35F3-02CA-4312-B6F4-6C3F7A37777B}"
EndProject
Project("{9A19103F-16F7-4668-BE54-9A1E7A4F7556}") = "ClassesIntro", "ClassesIntro\ClassesIntro.csproj", "{89936FB7-6081-47E0-A6F7-1DCC4148F5AD}"
EndProject
Project("{9A19103F-16F7-4668-BE54-9A1E7A4F7556}") = "Homework_SecondDay", "Homework_SecondDay\Homework_SecondDay.csproj", "{BE5F4265-FF31-44A4-937D-534ED2AF2087}"
EndProject
Project("{9A19103F-16F7-4668-BE54-9A1E7A4F7556}") = "Methods", "Methods\Methods.csproj", "{64C1CED3-51D2-4C01-93CD-4DAD909FAA30}"
EndProject
Project("{9A19103F-16F7-4668-BE54-9A1E7A4F7556}") = "Mathematic", "Mathematic\Mathematic.csproj", "{B25E3821-FB74-48A1-A21A-8B2FBFE64764}"
EndProject
Project("{9A19103F-16F7-4668-BE54-9A1E7A4F7556}") = "ValueAndReferenceTypes", "ValueAndReferenceTypes\ValueAndReferenceTypes.csproj", "{EB796EA3-0892-4CFF-B890-CE83F0E11590}"
EndProject
Project("{9A19103F-16F7-4668-BE54-9A1E7A4F7556}") = "Homework_ThirdDay", "Homework_ThirdDay\Homework_ThirdDay.csproj", "{EAFD3925-A49A-4E92-A638-D7352AD09607}"
EndProject
Project("{9A19103F-16F7-4668-BE54-9A1E7A4F7556}") = "Homework_ThirdDayPart2", "Homework_ThirdDayPart2\Homework_ThirdDayPart2.csproj", "{26716301-E52E-4474-B0FD-A0369C3D956F}"
EndProject
Project("{9A19103F-16F7-4668-BE54-9A1E7A4F7556}") = "Homework_ThirdDayPart3", "Homework_ThirdDayPart3\Homework_ThirdDayPart3.csproj", "{53D249E8-B663-4A4A-8535-84477833FCCB}"
EndProject
Project("{9A19103F-16F7-4668-BE54-9A1E7A4F7556}") = "Homework_ThirdDayPart4", "Homework_ThirdDayPart4\Homework_ThirdDayPart4.csproj", "{7C3253D8-6864-4A85-9ECD-ADCDF61DFA14}"
EndProject
Project("{9A19103F-16F7-4668-BE54-9A1E7A4F7556}") = "Homework_ThirdDayPart5", "Homework_ThirdDayPart5\Homework_ThirdDayPart5.csproj", "{13EE312C-D35C-43C1-BD8C-FE99A396FC27}"
EndProject
Project("{9A19103F-16F7-4668-BE54-9A1E7A4F7556}") = "OOP1", "OOP1\OOP1.csproj", "{861D6123-B847-41E9-A903-EDDC2F6B0D65}"
EndProject
Project("{9A19103F-16F7-4668-BE54-9A1E7A4F7556}") = "Collections", "Collections\Collections.csproj", "{A1B7B634-E1A7-4578-A21C-7ABEDBB7DF3B}"
EndProject
Project("{9A19103F-16F7-4668-BE54-9A1E7A4F7556}") = "GenericsIntro", "GenericsIntro\GenericsIntro.csproj", "{B1FFDA7B-CA92-425E-B17E-0499336FBD43}"
EndProject
Project("{9A19103F-16F7-4668-BE54-9A1E7A4F7556}") = "Homework_FourthDay", "Homework_FourthDay\Homework_FourthDay.csproj", "{9C37ECE1-7E58-40B1-9078-800597198D81}"
EndProject
Project("{9A19103F-16F7-4668-BE54-9A1E7A4F7556}") = "Homework_FourthDayPart2", "Homework_FourthDayPart2\Homework_FourthDayPart2.csproj", "{5DE46238-191A-448F-8568-8821330C2123}"
EndProject
Project("{9A19103F-16F7-4668-BE54-9A1E7A4F7556}") = "Homework_FourthDayPart3", "Homework_FourthDayPart3\Homework_FourthDayPart3.csproj", "{8C5889A4-3B70-4E1B-8B6E-577B262F6DF8}"
EndProject
Project("{FAE04EC0-301F-11D3-BF4B-00C04F79EFBC}") = "Homework_FourthDayPart4", "Homework_FourthDayPart4\Homework_FourthDayPart4.csproj", "{3D7AB0AF-F98B-4AD6-8069-4AABA923276E}"
EndProject
Global
	GlobalSection(SolutionConfigurationPlatforms) = preSolution
		Debug|Any CPU = Debug|Any CPU
		Release|Any CPU = Release|Any CPU
	EndGlobalSection
	GlobalSection(ProjectConfigurationPlatforms) = postSolution
		{CAEEC81E-7C3E-4D1E-A92C-6E594C48AD81}.Debug|Any CPU.ActiveCfg = Debug|Any CPU
		{CAEEC81E-7C3E-4D1E-A92C-6E594C48AD81}.Debug|Any CPU.Build.0 = Debug|Any CPU
		{CAEEC81E-7C3E-4D1E-A92C-6E594C48AD81}.Release|Any CPU.ActiveCfg = Release|Any CPU
		{CAEEC81E-7C3E-4D1E-A92C-6E594C48AD81}.Release|Any CPU.Build.0 = Release|Any CPU
		{AC0A35F3-02CA-4312-B6F4-6C3F7A37777B}.Debug|Any CPU.ActiveCfg = Debug|Any CPU
		{AC0A35F3-02CA-4312-B6F4-6C3F7A37777B}.Debug|Any CPU.Build.0 = Debug|Any CPU
		{AC0A35F3-02CA-4312-B6F4-6C3F7A37777B}.Release|Any CPU.ActiveCfg = Release|Any CPU
		{AC0A35F3-02CA-4312-B6F4-6C3F7A37777B}.Release|Any CPU.Build.0 = Release|Any CPU
		{89936FB7-6081-47E0-A6F7-1DCC4148F5AD}.Debug|Any CPU.ActiveCfg = Debug|Any CPU
		{89936FB7-6081-47E0-A6F7-1DCC4148F5AD}.Debug|Any CPU.Build.0 = Debug|Any CPU
		{89936FB7-6081-47E0-A6F7-1DCC4148F5AD}.Release|Any CPU.ActiveCfg = Release|Any CPU
		{89936FB7-6081-47E0-A6F7-1DCC4148F5AD}.Release|Any CPU.Build.0 = Release|Any CPU
		{BE5F4265-FF31-44A4-937D-534ED2AF2087}.Debug|Any CPU.ActiveCfg = Debug|Any CPU
		{BE5F4265-FF31-44A4-937D-534ED2AF2087}.Debug|Any CPU.Build.0 = Debug|Any CPU
		{BE5F4265-FF31-44A4-937D-534ED2AF2087}.Release|Any CPU.ActiveCfg = Release|Any CPU
		{BE5F4265-FF31-44A4-937D-534ED2AF2087}.Release|Any CPU.Build.0 = Release|Any CPU
		{64C1CED3-51D2-4C01-93CD-4DAD909FAA30}.Debug|Any CPU.ActiveCfg = Debug|Any CPU
		{64C1CED3-51D2-4C01-93CD-4DAD909FAA30}.Debug|Any CPU.Build.0 = Debug|Any CPU
		{64C1CED3-51D2-4C01-93CD-4DAD909FAA30}.Release|Any CPU.ActiveCfg = Release|Any CPU
		{64C1CED3-51D2-4C01-93CD-4DAD909FAA30}.Release|Any CPU.Build.0 = Release|Any CPU
		{B25E3821-FB74-48A1-A21A-8B2FBFE64764}.Debug|Any CPU.ActiveCfg = Debug|Any CPU
		{B25E3821-FB74-48A1-A21A-8B2FBFE64764}.Debug|Any CPU.Build.0 = Debug|Any CPU
		{B25E3821-FB74-48A1-A21A-8B2FBFE64764}.Release|Any CPU.ActiveCfg = Release|Any CPU
		{B25E3821-FB74-48A1-A21A-8B2FBFE64764}.Release|Any CPU.Build.0 = Release|Any CPU
		{EB796EA3-0892-4CFF-B890-CE83F0E11590}.Debug|Any CPU.ActiveCfg = Debug|Any CPU
		{EB796EA3-0892-4CFF-B890-CE83F0E11590}.Debug|Any CPU.Build.0 = Debug|Any CPU
		{EB796EA3-0892-4CFF-B890-CE83F0E11590}.Release|Any CPU.ActiveCfg = Release|Any CPU
		{EB796EA3-0892-4CFF-B890-CE83F0E11590}.Release|Any CPU.Build.0 = Release|Any CPU
		{EAFD3925-A49A-4E92-A638-D7352AD09607}.Debug|Any CPU.ActiveCfg = Debug|Any CPU
		{EAFD3925-A49A-4E92-A638-D7352AD09607}.Debug|Any CPU.Build.0 = Debug|Any CPU
		{EAFD3925-A49A-4E92-A638-D7352AD09607}.Release|Any CPU.ActiveCfg = Release|Any CPU
		{EAFD3925-A49A-4E92-A638-D7352AD09607}.Release|Any CPU.Build.0 = Release|Any CPU
		{26716301-E52E-4474-B0FD-A0369C3D956F}.Debug|Any CPU.ActiveCfg = Debug|Any CPU
		{26716301-E52E-4474-B0FD-A0369C3D956F}.Debug|Any CPU.Build.0 = Debug|Any CPU
		{26716301-E52E-4474-B0FD-A0369C3D956F}.Release|Any CPU.ActiveCfg = Release|Any CPU
		{26716301-E52E-4474-B0FD-A0369C3D956F}.Release|Any CPU.Build.0 = Release|Any CPU
		{53D249E8-B663-4A4A-8535-84477833FCCB}.Debug|Any CPU.ActiveCfg = Debug|Any CPU
		{53D249E8-B663-4A4A-8535-84477833FCCB}.Debug|Any CPU.Build.0 = Debug|Any CPU
		{53D249E8-B663-4A4A-8535-84477833FCCB}.Release|Any CPU.ActiveCfg = Release|Any CPU
		{53D249E8-B663-4A4A-8535-84477833FCCB}.Release|Any CPU.Build.0 = Release|Any CPU
		{7C3253D8-6864-4A85-9ECD-ADCDF61DFA14}.Debug|Any CPU.ActiveCfg = Debug|Any CPU
		{7C3253D8-6864-4A85-9ECD-ADCDF61DFA14}.Debug|Any CPU.Build.0 = Debug|Any CPU
		{7C3253D8-6864-4A85-9ECD-ADCDF61DFA14}.Release|Any CPU.ActiveCfg = Release|Any CPU
		{7C3253D8-6864-4A85-9ECD-ADCDF61DFA14}.Release|Any CPU.Build.0 = Release|Any CPU
		{13EE312C-D35C-43C1-BD8C-FE99A396FC27}.Debug|Any CPU.ActiveCfg = Debug|Any CPU
		{13EE312C-D35C-43C1-BD8C-FE99A396FC27}.Debug|Any CPU.Build.0 = Debug|Any CPU
		{13EE312C-D35C-43C1-BD8C-FE99A396FC27}.Release|Any CPU.ActiveCfg = Release|Any CPU
		{13EE312C-D35C-43C1-BD8C-FE99A396FC27}.Release|Any CPU.Build.0 = Release|Any CPU
		{861D6123-B847-41E9-A903-EDDC2F6B0D65}.Debug|Any CPU.ActiveCfg = Debug|Any CPU
		{861D6123-B847-41E9-A903-EDDC2F6B0D65}.Debug|Any CPU.Build.0 = Debug|Any CPU
		{861D6123-B847-41E9-A903-EDDC2F6B0D65}.Release|Any CPU.ActiveCfg = Release|Any CPU
		{861D6123-B847-41E9-A903-EDDC2F6B0D65}.Release|Any CPU.Build.0 = Release|Any CPU
		{A1B7B634-E1A7-4578-A21C-7ABEDBB7DF3B}.Debug|Any CPU.ActiveCfg = Debug|Any CPU
		{A1B7B634-E1A7-4578-A21C-7ABEDBB7DF3B}.Debug|Any CPU.Build.0 = Debug|Any CPU
		{A1B7B634-E1A7-4578-A21C-7ABEDBB7DF3B}.Release|Any CPU.ActiveCfg = Release|Any CPU
		{A1B7B634-E1A7-4578-A21C-7ABEDBB7DF3B}.Release|Any CPU.Build.0 = Release|Any CPU
		{B1FFDA7B-CA92-425E-B17E-0499336FBD43}.Debug|Any CPU.ActiveCfg = Debug|Any CPU
		{B1FFDA7B-CA92-425E-B17E-0499336FBD43}.Debug|Any CPU.Build.0 = Debug|Any CPU
		{B1FFDA7B-CA92-425E-B17E-0499336FBD43}.Release|Any CPU.ActiveCfg = Release|Any CPU
		{B1FFDA7B-CA92-425E-B17E-0499336FBD43}.Release|Any CPU.Build.0 = Release|Any CPU
		{9C37ECE1-7E58-40B1-9078-800597198D81}.Debug|Any CPU.ActiveCfg = Debug|Any CPU
		{9C37ECE1-7E58-40B1-9078-800597198D81}.Debug|Any CPU.Build.0 = Debug|Any CPU
		{9C37ECE1-7E58-40B1-9078-800597198D81}.Release|Any CPU.ActiveCfg = Release|Any CPU
		{9C37ECE1-7E58-40B1-9078-800597198D81}.Release|Any CPU.Build.0 = Release|Any CPU
		{5DE46238-191A-448F-8568-8821330C2123}.Debug|Any CPU.ActiveCfg = Debug|Any CPU
		{5DE46238-191A-448F-8568-8821330C2123}.Debug|Any CPU.Build.0 = Debug|Any CPU
		{5DE46238-191A-448F-8568-8821330C2123}.Release|Any CPU.ActiveCfg = Release|Any CPU
		{5DE46238-191A-448F-8568-8821330C2123}.Release|Any CPU.Build.0 = Release|Any CPU
		{8C5889A4-3B70-4E1B-8B6E-577B262F6DF8}.Debug|Any CPU.ActiveCfg = Debug|Any CPU
		{8C5889A4-3B70-4E1B-8B6E-577B262F6DF8}.Debug|Any CPU.Build.0 = Debug|Any CPU
		{8C5889A4-3B70-4E1B-8B6E-577B262F6DF8}.Release|Any CPU.ActiveCfg = Release|Any CPU
		{8C5889A4-3B70-4E1B-8B6E-577B262F6DF8}.Release|Any CPU.Build.0 = Release|Any CPU
		{3D7AB0AF-F98B-4AD6-8069-4AABA923276E}.Debug|Any CPU.ActiveCfg = Debug|Any CPU
		{3D7AB0AF-F98B-4AD6-8069-4AABA923276E}.Debug|Any CPU.Build.0 = Debug|Any CPU
		{3D7AB0AF-F98B-4AD6-8069-4AABA923276E}.Release|Any CPU.ActiveCfg = Release|Any CPU
		{3D7AB0AF-F98B-4AD6-8069-4AABA923276E}.Release|Any CPU.Build.0 = Release|Any CPU
	EndGlobalSection
	GlobalSection(SolutionProperties) = preSolution
		HideSolutionNode = FALSE
	EndGlobalSection
	GlobalSection(ExtensibilityGlobals) = postSolution
		SolutionGuid = {31038462-7BBE-4CAD-A60C-AC5066D7E858}
	EndGlobalSection
EndGlobal
